
Microsoft Visual Studio Solution File, Format Version 12.00
# Visual Studio Version 16
VisualStudioVersion = 16.0.31112.23
MinimumVisualStudioVersion = 10.0.40219.1
Project("{FAE04EC0-301F-11D3-BF4B-00C04F79EFBC}") = "ConsoleApp", "ConsoleApp\ConsoleApp.csproj", "{7A586555-3435-4EFF-A9BF-65558B69B778}"
EndProject
Global
	GlobalSection(SolutionConfigurationPlatforms) = preSolution
		Debug|Any CPU = Debug|Any CPU
		Release|Any CPU = Release|Any CPU
	EndGlobalSection
	GlobalSection(ProjectConfigurationPlatforms) = postSolution
		{7A586555-3435-4EFF-A9BF-65558B69B778}.Debug|Any CPU.ActiveCfg = Debug|Any CPU
		{7A586555-3435-4EFF-A9BF-65558B69B778}.Debug|Any CPU.Build.0 = Debug|Any CPU
		{7A586555-3435-4EFF-A9BF-65558B69B778}.Release|Any CPU.ActiveCfg = Release|Any CPU
		{7A586555-3435-4EFF-A9BF-65558B69B778}.Release|Any CPU.Build.0 = Release|Any CPU
	EndGlobalSection
	GlobalSection(SolutionProperties) = preSolution
		HideSolutionNode = FALSE
	EndGlobalSection
	GlobalSection(ExtensibilityGlobals) = postSolution
		SolutionGuid = {F74E6D95-0F34-4F55-A2AB-08529A21B8F0}
	EndGlobalSection
EndGlobal
